// !$*UTF8*$!
{
	archiveVersion = 1;
	classes = {
	};
	objectVersion = 56;
	objects = {

/* Begin PBXBuildFile section */
		E4E6888E2C21B04700DB9ED8 /* AppDelegate.swift in Sources */ = {isa = PBXBuildFile; fileRef = E4E6888D2C21B04700DB9ED8 /* AppDelegate.swift */; };
		E4E688922C21B04700DB9ED8 /* Base in Resources */ = {isa = PBXBuildFile; fileRef = E4E688912C21B04700DB9ED8 /* Base */; };
		E4E688942C21B04700DB9ED8 /* Icon.png in Resources */ = {isa = PBXBuildFile; fileRef = E4E688932C21B04700DB9ED8 /* Icon.png */; };
		E4E688962C21B04700DB9ED8 /* Style.css in Resources */ = {isa = PBXBuildFile; fileRef = E4E688952C21B04700DB9ED8 /* Style.css */; };
		E4E688982C21B04700DB9ED8 /* Script.js in Resources */ = {isa = PBXBuildFile; fileRef = E4E688972C21B04700DB9ED8 /* Script.js */; };
		E4E6889A2C21B04700DB9ED8 /* ViewController.swift in Sources */ = {isa = PBXBuildFile; fileRef = E4E688992C21B04700DB9ED8 /* ViewController.swift */; };
		E4E6889D2C21B04700DB9ED8 /* Base in Resources */ = {isa = PBXBuildFile; fileRef = E4E6889C2C21B04700DB9ED8 /* Base */; };
		E4E6889F2C21B04800DB9ED8 /* Assets.xcassets in Resources */ = {isa = PBXBuildFile; fileRef = E4E6889E2C21B04800DB9ED8 /* Assets.xcassets */; };
		E4E688A82C21B04800DB9ED8 /* autogram-extension Extension.appex in Embed Foundation Extensions */ = {isa = PBXBuildFile; fileRef = E4E688A72C21B04800DB9ED8 /* autogram-extension Extension.appex */; settings = {ATTRIBUTES = (RemoveHeadersOnCopy, ); }; };
		E4E688AD2C21B04800DB9ED8 /* SafariWebExtensionHandler.swift in Sources */ = {isa = PBXBuildFile; fileRef = E4E688AC2C21B04800DB9ED8 /* SafariWebExtensionHandler.swift */; };
		E4E688C12C21B04900DB9ED8 /* AppDelegate.swift in Sources */ = {isa = PBXBuildFile; fileRef = E4E6888D2C21B04700DB9ED8 /* AppDelegate.swift */; };
		E4E688C32C21B04900DB9ED8 /* ViewController.swift in Sources */ = {isa = PBXBuildFile; fileRef = E4E688992C21B04700DB9ED8 /* ViewController.swift */; };
		E4E688C52C21B04900DB9ED8 /* Assets.xcassets in Resources */ = {isa = PBXBuildFile; fileRef = E4E6889E2C21B04800DB9ED8 /* Assets.xcassets */; };
		E4E688D12C21B04900DB9ED8 /* autogram-extension iOS Extension.appex in Embed Foundation Extensions */ = {isa = PBXBuildFile; fileRef = E4E688D02C21B04900DB9ED8 /* autogram-extension iOS Extension.appex */; settings = {ATTRIBUTES = (RemoveHeadersOnCopy, ); }; };
		E4E688D62C21B04900DB9ED8 /* SafariWebExtensionHandler.swift in Sources */ = {isa = PBXBuildFile; fileRef = E4E688AC2C21B04800DB9ED8 /* SafariWebExtensionHandler.swift */; };
		E4E688D82C21B04900DB9ED8 /* dist in Resources */ = {isa = PBXBuildFile; fileRef = FEABE39F2D48EC2B0046C038 /* dist */; };
		FEABE3A02D48EC2B0046C038 /* dist in Resources */ = {isa = PBXBuildFile; fileRef = FEABE39F2D48EC2B0046C038 /* dist */; };
		FEABE3A52D48ECAA0046C038 /* Base in Resources */ = {isa = PBXBuildFile; fileRef = FEABE3A42D48ECAA0046C038 /* Base */; };
		FEABE3A72D48ED000046C038 /* Icon.png in Resources */ = {isa = PBXBuildFile; fileRef = E4E688932C21B04700DB9ED8 /* Icon.png */; };
		FEABE3A82D48ED000046C038 /* Style.css in Resources */ = {isa = PBXBuildFile; fileRef = E4E688952C21B04700DB9ED8 /* Style.css */; };
		FEABE3A92D48ED000046C038 /* Script.js in Resources */ = {isa = PBXBuildFile; fileRef = E4E688972C21B04700DB9ED8 /* Script.js */; };
		FEABE3AA2D48ED000046C038 /* Base in Resources */ = {isa = PBXBuildFile; fileRef = E4E688912C21B04700DB9ED8 /* Base */; };
/* End PBXBuildFile section */

/* Begin PBXContainerItemProxy section */
		E4E688A92C21B04800DB9ED8 /* PBXContainerItemProxy */ = {
			isa = PBXContainerItemProxy;
			containerPortal = E4E688822C21B04700DB9ED8 /* Project object */;
			proxyType = 1;
			remoteGlobalIDString = E4E688A62C21B04800DB9ED8;
			remoteInfo = "autogram-extension Extension";
		};
		E4E688D92C21B04900DB9ED8 /* PBXContainerItemProxy */ = {
			isa = PBXContainerItemProxy;
			containerPortal = E4E688822C21B04700DB9ED8 /* Project object */;
			proxyType = 1;
			remoteGlobalIDString = E4E688CF2C21B04900DB9ED8;
			remoteInfo = "autogram-extension iOS Extension";
		};
/* End PBXContainerItemProxy section */

/* Begin PBXCopyFilesBuildPhase section */
		E4E688B52C21B04800DB9ED8 /* Embed Foundation Extensions */ = {
			isa = PBXCopyFilesBuildPhase;
			buildActionMask = 2147483647;
			dstPath = "";
			dstSubfolderSpec = 13;
			files = (
				E4E688A82C21B04800DB9ED8 /* autogram-extension Extension.appex in Embed Foundation Extensions */,
			);
			name = "Embed Foundation Extensions";
			runOnlyForDeploymentPostprocessing = 0;
		};
		E4E688DF2C21B04900DB9ED8 /* Embed Foundation Extensions */ = {
			isa = PBXCopyFilesBuildPhase;
			buildActionMask = 2147483647;
			dstPath = "";
			dstSubfolderSpec = 13;
			files = (
				E4E688D12C21B04900DB9ED8 /* autogram-extension iOS Extension.appex in Embed Foundation Extensions */,
			);
			name = "Embed Foundation Extensions";
			runOnlyForDeploymentPostprocessing = 0;
		};
/* End PBXCopyFilesBuildPhase section */

/* Begin PBXFileReference section */
		E4E6888A2C21B04700DB9ED8 /* autogram-extension.app */ = {isa = PBXFileReference; explicitFileType = wrapper.application; includeInIndex = 0; path = "autogram-extension.app"; sourceTree = BUILT_PRODUCTS_DIR; };
		E4E6888D2C21B04700DB9ED8 /* AppDelegate.swift */ = {isa = PBXFileReference; lastKnownFileType = sourcecode.swift; path = AppDelegate.swift; sourceTree = "<group>"; };
		E4E688912C21B04700DB9ED8 /* Base */ = {isa = PBXFileReference; lastKnownFileType = text.html; name = Base; path = ../Base.lproj/Main.html; sourceTree = "<group>"; };
		E4E688932C21B04700DB9ED8 /* Icon.png */ = {isa = PBXFileReference; lastKnownFileType = image.png; path = Icon.png; sourceTree = "<group>"; };
		E4E688952C21B04700DB9ED8 /* Style.css */ = {isa = PBXFileReference; lastKnownFileType = text.css; path = Style.css; sourceTree = "<group>"; };
		E4E688972C21B04700DB9ED8 /* Script.js */ = {isa = PBXFileReference; lastKnownFileType = sourcecode.javascript; path = Script.js; sourceTree = "<group>"; };
		E4E688992C21B04700DB9ED8 /* ViewController.swift */ = {isa = PBXFileReference; lastKnownFileType = sourcecode.swift; path = ViewController.swift; sourceTree = "<group>"; };
		E4E6889C2C21B04700DB9ED8 /* Base */ = {isa = PBXFileReference; lastKnownFileType = file.storyboard; name = Base; path = Base.lproj/Main.storyboard; sourceTree = "<group>"; };
		E4E6889E2C21B04800DB9ED8 /* Assets.xcassets */ = {isa = PBXFileReference; lastKnownFileType = folder.assetcatalog; path = Assets.xcassets; sourceTree = "<group>"; };
		E4E688A02C21B04800DB9ED8 /* Info.plist */ = {isa = PBXFileReference; lastKnownFileType = text.plist.xml; path = Info.plist; sourceTree = "<group>"; };
		E4E688A12C21B04800DB9ED8 /* autogram_extension.entitlements */ = {isa = PBXFileReference; lastKnownFileType = text.plist.entitlements; path = autogram_extension.entitlements; sourceTree = "<group>"; };
		E4E688A22C21B04800DB9ED8 /* autogram-extension.entitlements */ = {isa = PBXFileReference; lastKnownFileType = text.plist.entitlements; path = "autogram-extension.entitlements"; sourceTree = "<group>"; };
		E4E688A72C21B04800DB9ED8 /* autogram-extension Extension.appex */ = {isa = PBXFileReference; explicitFileType = "wrapper.app-extension"; includeInIndex = 0; path = "autogram-extension Extension.appex"; sourceTree = BUILT_PRODUCTS_DIR; };
		E4E688AC2C21B04800DB9ED8 /* SafariWebExtensionHandler.swift */ = {isa = PBXFileReference; lastKnownFileType = sourcecode.swift; path = SafariWebExtensionHandler.swift; sourceTree = "<group>"; };
		E4E688AE2C21B04800DB9ED8 /* Info.plist */ = {isa = PBXFileReference; lastKnownFileType = text.plist.xml; path = Info.plist; sourceTree = "<group>"; };
		E4E688AF2C21B04800DB9ED8 /* autogram_extension_Extension.entitlements */ = {isa = PBXFileReference; lastKnownFileType = text.plist.entitlements; path = autogram_extension_Extension.entitlements; sourceTree = "<group>"; };
		E4E688C02C21B04900DB9ED8 /* autogram-extension iOS.app */ = {isa = PBXFileReference; explicitFileType = wrapper.application; includeInIndex = 0; path = "autogram-extension iOS.app"; sourceTree = BUILT_PRODUCTS_DIR; };
		E4E688D02C21B04900DB9ED8 /* autogram-extension iOS Extension.appex */ = {isa = PBXFileReference; explicitFileType = "wrapper.app-extension"; includeInIndex = 0; path = "autogram-extension iOS Extension.appex"; sourceTree = BUILT_PRODUCTS_DIR; };
		FEABE39F2D48EC2B0046C038 /* dist */ = {isa = PBXFileReference; lastKnownFileType = folder; name = dist; path = ../../../dist; sourceTree = "<group>"; };
		FEABE3A42D48ECAA0046C038 /* Base */ = {isa = PBXFileReference; lastKnownFileType = file.storyboard; name = Base; path = "Base.lproj/Main-iOS.storyboard"; sourceTree = "<group>"; };
/* End PBXFileReference section */

/* Begin PBXFrameworksBuildPhase section */
		E4E688872C21B04700DB9ED8 /* Frameworks */ = {
			isa = PBXFrameworksBuildPhase;
			buildActionMask = 2147483647;
			files = (
			);
			runOnlyForDeploymentPostprocessing = 0;
		};
		E4E688A42C21B04800DB9ED8 /* Frameworks */ = {
			isa = PBXFrameworksBuildPhase;
			buildActionMask = 2147483647;
			files = (
			);
			runOnlyForDeploymentPostprocessing = 0;
		};
		E4E688BD2C21B04900DB9ED8 /* Frameworks */ = {
			isa = PBXFrameworksBuildPhase;
			buildActionMask = 2147483647;
			files = (
			);
			runOnlyForDeploymentPostprocessing = 0;
		};
		E4E688CD2C21B04900DB9ED8 /* Frameworks */ = {
			isa = PBXFrameworksBuildPhase;
			buildActionMask = 2147483647;
			files = (
			);
			runOnlyForDeploymentPostprocessing = 0;
		};
/* End PBXFrameworksBuildPhase section */

/* Begin PBXGroup section */
		E4E688812C21B04700DB9ED8 = {
			isa = PBXGroup;
			children = (
				E4E6888C2C21B04700DB9ED8 /* autogram-extension */,
				E4E688AB2C21B04800DB9ED8 /* autogram-extension Extension */,
				E4E6888B2C21B04700DB9ED8 /* Products */,
			);
			sourceTree = "<group>";
		};
		E4E6888B2C21B04700DB9ED8 /* Products */ = {
			isa = PBXGroup;
			children = (
				E4E6888A2C21B04700DB9ED8 /* autogram-extension.app */,
				E4E688A72C21B04800DB9ED8 /* autogram-extension Extension.appex */,
				E4E688C02C21B04900DB9ED8 /* autogram-extension iOS.app */,
				E4E688D02C21B04900DB9ED8 /* autogram-extension iOS Extension.appex */,
			);
			name = Products;
			sourceTree = "<group>";
		};
		E4E6888C2C21B04700DB9ED8 /* autogram-extension */ = {
			isa = PBXGroup;
			children = (
				E4E6888D2C21B04700DB9ED8 /* AppDelegate.swift */,
				E4E688992C21B04700DB9ED8 /* ViewController.swift */,
				E4E6889B2C21B04700DB9ED8 /* Main.storyboard */,
				FEABE3A62D48ECAA0046C038 /* Main-iOS.storyboard */,
				E4E6889E2C21B04800DB9ED8 /* Assets.xcassets */,
				E4E688A02C21B04800DB9ED8 /* Info.plist */,
				E4E688A12C21B04800DB9ED8 /* autogram_extension.entitlements */,
				E4E688A22C21B04800DB9ED8 /* autogram-extension.entitlements */,
				E4E6888F2C21B04700DB9ED8 /* Resources */,
			);
			path = "autogram-extension";
			sourceTree = "<group>";
		};
		E4E6888F2C21B04700DB9ED8 /* Resources */ = {
			isa = PBXGroup;
			children = (
				E4E688902C21B04700DB9ED8 /* Main.html */,
				E4E688932C21B04700DB9ED8 /* Icon.png */,
				E4E688952C21B04700DB9ED8 /* Style.css */,
				E4E688972C21B04700DB9ED8 /* Script.js */,
			);
			path = Resources;
			sourceTree = "<group>";
		};
		E4E688AB2C21B04800DB9ED8 /* autogram-extension Extension */ = {
			isa = PBXGroup;
			children = (
				E4E688B92C21B04800DB9ED8 /* Resources */,
				E4E688AC2C21B04800DB9ED8 /* SafariWebExtensionHandler.swift */,
				E4E688AE2C21B04800DB9ED8 /* Info.plist */,
				E4E688AF2C21B04800DB9ED8 /* autogram_extension_Extension.entitlements */,
			);
			path = "autogram-extension Extension";
			sourceTree = "<group>";
		};
		E4E688B92C21B04800DB9ED8 /* Resources */ = {
			isa = PBXGroup;
			children = (
				FEABE39F2D48EC2B0046C038 /* dist */,
			);
			name = Resources;
			path = "autogram-extension Extension";
			sourceTree = SOURCE_ROOT;
		};
/* End PBXGroup section */

/* Begin PBXNativeTarget section */
		E4E688892C21B04700DB9ED8 /* autogram-extension */ = {
			isa = PBXNativeTarget;
			buildConfigurationList = E4E688B62C21B04800DB9ED8 /* Build configuration list for PBXNativeTarget "autogram-extension" */;
			buildPhases = (
				E4E688862C21B04700DB9ED8 /* Sources */,
				E4E688872C21B04700DB9ED8 /* Frameworks */,
				E4E688882C21B04700DB9ED8 /* Resources */,
				E4E688B52C21B04800DB9ED8 /* Embed Foundation Extensions */,
			);
			buildRules = (
			);
			dependencies = (
				E4E688AA2C21B04800DB9ED8 /* PBXTargetDependency */,
			);
			name = "autogram-extension";
			productName = "autogram-extension";
			productReference = E4E6888A2C21B04700DB9ED8 /* autogram-extension.app */;
			productType = "com.apple.product-type.application";
		};
		E4E688A62C21B04800DB9ED8 /* autogram-extension Extension */ = {
			isa = PBXNativeTarget;
			buildConfigurationList = E4E688B22C21B04800DB9ED8 /* Build configuration list for PBXNativeTarget "autogram-extension Extension" */;
			buildPhases = (
				E4E688A32C21B04800DB9ED8 /* Sources */,
				E4E688A42C21B04800DB9ED8 /* Frameworks */,
				E4E688A52C21B04800DB9ED8 /* Resources */,
				FEABE3A32D48EC500046C038 /* ShellScript */,
			);
			buildRules = (
			);
			dependencies = (
			);
			name = "autogram-extension Extension";
			productName = "autogram-extension Extension";
			productReference = E4E688A72C21B04800DB9ED8 /* autogram-extension Extension.appex */;
			productType = "com.apple.product-type.app-extension";
		};
		E4E688BF2C21B04900DB9ED8 /* autogram-extension iOS */ = {
			isa = PBXNativeTarget;
			buildConfigurationList = E4E688E02C21B04900DB9ED8 /* Build configuration list for PBXNativeTarget "autogram-extension iOS" */;
			buildPhases = (
				E4E688BC2C21B04900DB9ED8 /* Sources */,
				E4E688BD2C21B04900DB9ED8 /* Frameworks */,
				E4E688BE2C21B04900DB9ED8 /* Resources */,
				E4E688DF2C21B04900DB9ED8 /* Embed Foundation Extensions */,
			);
			buildRules = (
			);
			dependencies = (
				E4E688DA2C21B04900DB9ED8 /* PBXTargetDependency */,
			);
			name = "autogram-extension iOS";
			productName = "autogram-extension iOS";
			productReference = E4E688C02C21B04900DB9ED8 /* autogram-extension iOS.app */;
			productType = "com.apple.product-type.application";
		};
		E4E688CF2C21B04900DB9ED8 /* autogram-extension iOS Extension */ = {
			isa = PBXNativeTarget;
			buildConfigurationList = E4E688DC2C21B04900DB9ED8 /* Build configuration list for PBXNativeTarget "autogram-extension iOS Extension" */;
			buildPhases = (
				E4E688CC2C21B04900DB9ED8 /* Sources */,
				E4E688CD2C21B04900DB9ED8 /* Frameworks */,
				E4E688CE2C21B04900DB9ED8 /* Resources */,
				FEABE3A42D48EC600046C038 /* ShellScript */,
			);
			buildRules = (
			);
			dependencies = (
			);
			name = "autogram-extension iOS Extension";
			productName = "autogram-extension iOS Extension";
			productReference = E4E688D02C21B04900DB9ED8 /* autogram-extension iOS Extension.appex */;
			productType = "com.apple.product-type.app-extension";
		};
/* End PBXNativeTarget section */

/* Begin PBXProject section */
		E4E688822C21B04700DB9ED8 /* Project object */ = {
			isa = PBXProject;
			attributes = {
				BuildIndependentTargetsInParallel = 1;
				LastSwiftUpdateCheck = 1540;
				LastUpgradeCheck = 1540;
				TargetAttributes = {
					E4E688892C21B04700DB9ED8 = {
						CreatedOnToolsVersion = 15.4;
					};
					E4E688A62C21B04800DB9ED8 = {
						CreatedOnToolsVersion = 15.4;
					};
					E4E688BF2C21B04900DB9ED8 = {
						CreatedOnToolsVersion = 15.4;
					};
					E4E688CF2C21B04900DB9ED8 = {
						CreatedOnToolsVersion = 15.4;
					};
				};
			};
			buildConfigurationList = E4E688852C21B04700DB9ED8 /* Build configuration list for PBXProject "autogram-extension" */;
			compatibilityVersion = "Xcode 14.0";
			developmentRegion = en;
			hasScannedForEncodings = 0;
			knownRegions = (
				en,
				Base,
			);
			mainGroup = E4E688812C21B04700DB9ED8;
			productRefGroup = E4E6888B2C21B04700DB9ED8 /* Products */;
			projectDirPath = "";
			projectRoot = "";
			targets = (
				E4E688892C21B04700DB9ED8 /* autogram-extension */,
				E4E688A62C21B04800DB9ED8 /* autogram-extension Extension */,
				E4E688BF2C21B04900DB9ED8 /* autogram-extension iOS */,
				E4E688CF2C21B04900DB9ED8 /* autogram-extension iOS Extension */,
			);
		};
/* End PBXProject section */

/* Begin PBXResourcesBuildPhase section */
		E4E688882C21B04700DB9ED8 /* Resources */ = {
			isa = PBXResourcesBuildPhase;
			buildActionMask = 2147483647;
			files = (
				E4E688942C21B04700DB9ED8 /* Icon.png in Resources */,
				E4E688982C21B04700DB9ED8 /* Script.js in Resources */,
				E4E688922C21B04700DB9ED8 /* Base in Resources */,
				E4E688962C21B04700DB9ED8 /* Style.css in Resources */,
				E4E6889F2C21B04800DB9ED8 /* Assets.xcassets in Resources */,
				E4E6889D2C21B04700DB9ED8 /* Base in Resources */,
			);
			runOnlyForDeploymentPostprocessing = 0;
		};
		E4E688A52C21B04800DB9ED8 /* Resources */ = {
			isa = PBXResourcesBuildPhase;
			buildActionMask = 2147483647;
			files = (
				FEABE3A02D48EC2B0046C038 /* dist in Resources */,
			);
			runOnlyForDeploymentPostprocessing = 0;
		};
		E4E688BE2C21B04900DB9ED8 /* Resources */ = {
			isa = PBXResourcesBuildPhase;
			buildActionMask = 2147483647;
			files = (
				E4E688C52C21B04900DB9ED8 /* Assets.xcassets in Resources */,
				FEABE3A52D48ECAA0046C038 /* Base in Resources */,
				FEABE3A72D48ED000046C038 /* Icon.png in Resources */,
				FEABE3A82D48ED000046C038 /* Style.css in Resources */,
				FEABE3A92D48ED000046C038 /* Script.js in Resources */,
				FEABE3AA2D48ED000046C038 /* Base in Resources */,
			);
			runOnlyForDeploymentPostprocessing = 0;
		};
		E4E688CE2C21B04900DB9ED8 /* Resources */ = {
			isa = PBXResourcesBuildPhase;
			buildActionMask = 2147483647;
			files = (
				E4E688D82C21B04900DB9ED8 /* dist in Resources */,
			);
			runOnlyForDeploymentPostprocessing = 0;
		};
/* End PBXResourcesBuildPhase section */

/* Begin PBXShellScriptBuildPhase section */
		FEABE3A32D48EC500046C038 /* ShellScript */ = {
			isa = PBXShellScriptBuildPhase;
			buildActionMask = 2147483647;
			files = (
			);
			inputFileListPaths = (
			);
			inputPaths = (
			);
			outputFileListPaths = (
			);
			outputPaths = (
			);
			runOnlyForDeploymentPostprocessing = 0;
			shellPath = /bin/sh;
			shellScript = "rm -rf \"${CONFIGURATION_BUILD_DIR}/${UNLOCALIZED_RESOURCES_FOLDER_PATH}/static\"\nrm -rf \"${CONFIGURATION_BUILD_DIR}/${UNLOCALIZED_RESOURCES_FOLDER_PATH}/_locales\"\nmv -f \"${CONFIGURATION_BUILD_DIR}/${UNLOCALIZED_RESOURCES_FOLDER_PATH}/dist\"/*  \"${CONFIGURATION_BUILD_DIR}/${UNLOCALIZED_RESOURCES_FOLDER_PATH}/\"\n";
		};
		FEABE3A42D48EC600046C038 /* ShellScript */ = {
			isa = PBXShellScriptBuildPhase;
			buildActionMask = 2147483647;
			files = (
			);
			inputFileListPaths = (
			);
			inputPaths = (
			);
			outputFileListPaths = (
			);
			outputPaths = (
			);
			runOnlyForDeploymentPostprocessing = 0;
			shellPath = /bin/sh;
			shellScript = "rm -rf \"${CONFIGURATION_BUILD_DIR}/${UNLOCALIZED_RESOURCES_FOLDER_PATH}/static\"\nrm -rf \"${CONFIGURATION_BUILD_DIR}/${UNLOCALIZED_RESOURCES_FOLDER_PATH}/_locales\"\nmv -f \"${CONFIGURATION_BUILD_DIR}/${UNLOCALIZED_RESOURCES_FOLDER_PATH}/dist\"/*  \"${CONFIGURATION_BUILD_DIR}/${UNLOCALIZED_RESOURCES_FOLDER_PATH}/\"\n";
		};
/* End PBXShellScriptBuildPhase section */

/* Begin PBXSourcesBuildPhase section */
		E4E688862C21B04700DB9ED8 /* Sources */ = {
			isa = PBXSourcesBuildPhase;
			buildActionMask = 2147483647;
			files = (
				E4E6889A2C21B04700DB9ED8 /* ViewController.swift in Sources */,
				E4E6888E2C21B04700DB9ED8 /* AppDelegate.swift in Sources */,
			);
			runOnlyForDeploymentPostprocessing = 0;
		};
		E4E688A32C21B04800DB9ED8 /* Sources */ = {
			isa = PBXSourcesBuildPhase;
			buildActionMask = 2147483647;
			files = (
				E4E688AD2C21B04800DB9ED8 /* SafariWebExtensionHandler.swift in Sources */,
			);
			runOnlyForDeploymentPostprocessing = 0;
		};
		E4E688BC2C21B04900DB9ED8 /* Sources */ = {
			isa = PBXSourcesBuildPhase;
			buildActionMask = 2147483647;
			files = (
				E4E688C32C21B04900DB9ED8 /* ViewController.swift in Sources */,
				E4E688C12C21B04900DB9ED8 /* AppDelegate.swift in Sources */,
			);
			runOnlyForDeploymentPostprocessing = 0;
		};
		E4E688CC2C21B04900DB9ED8 /* Sources */ = {
			isa = PBXSourcesBuildPhase;
			buildActionMask = 2147483647;
			files = (
				E4E688D62C21B04900DB9ED8 /* SafariWebExtensionHandler.swift in Sources */,
			);
			runOnlyForDeploymentPostprocessing = 0;
		};
/* End PBXSourcesBuildPhase section */

/* Begin PBXTargetDependency section */
		E4E688AA2C21B04800DB9ED8 /* PBXTargetDependency */ = {
			isa = PBXTargetDependency;
			target = E4E688A62C21B04800DB9ED8 /* autogram-extension Extension */;
			targetProxy = E4E688A92C21B04800DB9ED8 /* PBXContainerItemProxy */;
		};
		E4E688DA2C21B04900DB9ED8 /* PBXTargetDependency */ = {
			isa = PBXTargetDependency;
			target = E4E688CF2C21B04900DB9ED8 /* autogram-extension iOS Extension */;
			targetProxy = E4E688D92C21B04900DB9ED8 /* PBXContainerItemProxy */;
		};
/* End PBXTargetDependency section */

/* Begin PBXVariantGroup section */
		E4E688902C21B04700DB9ED8 /* Main.html */ = {
			isa = PBXVariantGroup;
			children = (
				E4E688912C21B04700DB9ED8 /* Base */,
			);
			name = Main.html;
			sourceTree = "<group>";
		};
		E4E6889B2C21B04700DB9ED8 /* Main.storyboard */ = {
			isa = PBXVariantGroup;
			children = (
				E4E6889C2C21B04700DB9ED8 /* Base */,
			);
			name = Main.storyboard;
			sourceTree = "<group>";
		};
		FEABE3A62D48ECAA0046C038 /* Main-iOS.storyboard */ = {
			isa = PBXVariantGroup;
			children = (
				FEABE3A42D48ECAA0046C038 /* Base */,
			);
			name = "Main-iOS.storyboard";
			sourceTree = "<group>";
		};
/* End PBXVariantGroup section */

/* Begin XCBuildConfiguration section */
		E4E688B02C21B04800DB9ED8 /* Debug */ = {
			isa = XCBuildConfiguration;
			buildSettings = {
				ALWAYS_SEARCH_USER_PATHS = NO;
				ASSETCATALOG_COMPILER_GENERATE_SWIFT_ASSET_SYMBOL_EXTENSIONS = YES;
				CLANG_ANALYZER_NONNULL = YES;
				CLANG_ANALYZER_NUMBER_OBJECT_CONVERSION = YES_AGGRESSIVE;
				CLANG_CXX_LANGUAGE_STANDARD = "gnu++20";
				CLANG_ENABLE_MODULES = YES;
				CLANG_ENABLE_OBJC_ARC = YES;
				CLANG_ENABLE_OBJC_WEAK = YES;
				CLANG_WARN_BLOCK_CAPTURE_AUTORELEASING = YES;
				CLANG_WARN_BOOL_CONVERSION = YES;
				CLANG_WARN_COMMA = YES;
				CLANG_WARN_CONSTANT_CONVERSION = YES;
				CLANG_WARN_DEPRECATED_OBJC_IMPLEMENTATIONS = YES;
				CLANG_WARN_DIRECT_OBJC_ISA_USAGE = YES_ERROR;
				CLANG_WARN_DOCUMENTATION_COMMENTS = YES;
				CLANG_WARN_EMPTY_BODY = YES;
				CLANG_WARN_ENUM_CONVERSION = YES;
				CLANG_WARN_INFINITE_RECURSION = YES;
				CLANG_WARN_INT_CONVERSION = YES;
				CLANG_WARN_NON_LITERAL_NULL_CONVERSION = YES;
				CLANG_WARN_OBJC_IMPLICIT_RETAIN_SELF = YES;
				CLANG_WARN_OBJC_LITERAL_CONVERSION = YES;
				CLANG_WARN_OBJC_ROOT_CLASS = YES_ERROR;
				CLANG_WARN_QUOTED_INCLUDE_IN_FRAMEWORK_HEADER = YES;
				CLANG_WARN_RANGE_LOOP_ANALYSIS = YES;
				CLANG_WARN_STRICT_PROTOTYPES = YES;
				CLANG_WARN_SUSPICIOUS_MOVE = YES;
				CLANG_WARN_UNGUARDED_AVAILABILITY = YES_AGGRESSIVE;
				CLANG_WARN_UNREACHABLE_CODE = YES;
				CLANG_WARN__DUPLICATE_METHOD_MATCH = YES;
				COPY_PHASE_STRIP = NO;
				DEBUG_INFORMATION_FORMAT = dwarf;
				ENABLE_STRICT_OBJC_MSGSEND = YES;
				ENABLE_TESTABILITY = YES;
				ENABLE_USER_SCRIPT_SANDBOXING = YES;
				GCC_C_LANGUAGE_STANDARD = gnu17;
				GCC_DYNAMIC_NO_PIC = NO;
				GCC_NO_COMMON_BLOCKS = YES;
				GCC_OPTIMIZATION_LEVEL = 0;
				GCC_PREPROCESSOR_DEFINITIONS = (
					"DEBUG=1",
					"$(inherited)",
				);
				GCC_WARN_64_TO_32_BIT_CONVERSION = YES;
				GCC_WARN_ABOUT_RETURN_TYPE = YES_ERROR;
				GCC_WARN_UNDECLARED_SELECTOR = YES;
				GCC_WARN_UNINITIALIZED_AUTOS = YES_AGGRESSIVE;
				GCC_WARN_UNUSED_FUNCTION = YES;
				GCC_WARN_UNUSED_VARIABLE = YES;
				LOCALIZATION_PREFERS_STRING_CATALOGS = YES;
				MACOSX_DEPLOYMENT_TARGET = 14.0;
				MTL_ENABLE_DEBUG_INFO = INCLUDE_SOURCE;
				MTL_FAST_MATH = YES;
				ONLY_ACTIVE_ARCH = YES;
				SDKROOT = macosx;
				SWIFT_ACTIVE_COMPILATION_CONDITIONS = "DEBUG $(inherited)";
				SWIFT_OPTIMIZATION_LEVEL = "-Onone";
			};
			name = Debug;
		};
		E4E688B12C21B04800DB9ED8 /* Release */ = {
			isa = XCBuildConfiguration;
			buildSettings = {
				ALWAYS_SEARCH_USER_PATHS = NO;
				ASSETCATALOG_COMPILER_GENERATE_SWIFT_ASSET_SYMBOL_EXTENSIONS = YES;
				CLANG_ANALYZER_NONNULL = YES;
				CLANG_ANALYZER_NUMBER_OBJECT_CONVERSION = YES_AGGRESSIVE;
				CLANG_CXX_LANGUAGE_STANDARD = "gnu++20";
				CLANG_ENABLE_MODULES = YES;
				CLANG_ENABLE_OBJC_ARC = YES;
				CLANG_ENABLE_OBJC_WEAK = YES;
				CLANG_WARN_BLOCK_CAPTURE_AUTORELEASING = YES;
				CLANG_WARN_BOOL_CONVERSION = YES;
				CLANG_WARN_COMMA = YES;
				CLANG_WARN_CONSTANT_CONVERSION = YES;
				CLANG_WARN_DEPRECATED_OBJC_IMPLEMENTATIONS = YES;
				CLANG_WARN_DIRECT_OBJC_ISA_USAGE = YES_ERROR;
				CLANG_WARN_DOCUMENTATION_COMMENTS = YES;
				CLANG_WARN_EMPTY_BODY = YES;
				CLANG_WARN_ENUM_CONVERSION = YES;
				CLANG_WARN_INFINITE_RECURSION = YES;
				CLANG_WARN_INT_CONVERSION = YES;
				CLANG_WARN_NON_LITERAL_NULL_CONVERSION = YES;
				CLANG_WARN_OBJC_IMPLICIT_RETAIN_SELF = YES;
				CLANG_WARN_OBJC_LITERAL_CONVERSION = YES;
				CLANG_WARN_OBJC_ROOT_CLASS = YES_ERROR;
				CLANG_WARN_QUOTED_INCLUDE_IN_FRAMEWORK_HEADER = YES;
				CLANG_WARN_RANGE_LOOP_ANALYSIS = YES;
				CLANG_WARN_STRICT_PROTOTYPES = YES;
				CLANG_WARN_SUSPICIOUS_MOVE = YES;
				CLANG_WARN_UNGUARDED_AVAILABILITY = YES_AGGRESSIVE;
				CLANG_WARN_UNREACHABLE_CODE = YES;
				CLANG_WARN__DUPLICATE_METHOD_MATCH = YES;
				COPY_PHASE_STRIP = NO;
				DEBUG_INFORMATION_FORMAT = "dwarf-with-dsym";
				ENABLE_NS_ASSERTIONS = NO;
				ENABLE_STRICT_OBJC_MSGSEND = YES;
				ENABLE_USER_SCRIPT_SANDBOXING = YES;
				GCC_C_LANGUAGE_STANDARD = gnu17;
				GCC_NO_COMMON_BLOCKS = YES;
				GCC_WARN_64_TO_32_BIT_CONVERSION = YES;
				GCC_WARN_ABOUT_RETURN_TYPE = YES_ERROR;
				GCC_WARN_UNDECLARED_SELECTOR = YES;
				GCC_WARN_UNINITIALIZED_AUTOS = YES_AGGRESSIVE;
				GCC_WARN_UNUSED_FUNCTION = YES;
				GCC_WARN_UNUSED_VARIABLE = YES;
				LOCALIZATION_PREFERS_STRING_CATALOGS = YES;
				MACOSX_DEPLOYMENT_TARGET = 14.0;
				MARKETPLACES = "";
				MTL_ENABLE_DEBUG_INFO = NO;
				MTL_FAST_MATH = YES;
				SDKROOT = macosx;
				SWIFT_COMPILATION_MODE = wholemodule;
			};
			name = Release;
		};
		E4E688B32C21B04800DB9ED8 /* Debug */ = {
			isa = XCBuildConfiguration;
			buildSettings = {
				CODE_SIGN_ENTITLEMENTS = "autogram-extension Extension/autogram_extension_Extension.entitlements";
				"CODE_SIGN_IDENTITY[sdk=macosx*]" = "-";
				CODE_SIGN_STYLE = Automatic;
				CURRENT_PROJECT_VERSION = 12;
				DEVELOPMENT_TEAM = "";
				ENABLE_HARDENED_RUNTIME = YES;
				ENABLE_USER_SCRIPT_SANDBOXING = NO;
				GENERATE_INFOPLIST_FILE = YES;
				INFOPLIST_FILE = "autogram-extension Extension/Info.plist";
				INFOPLIST_KEY_CFBundleDisplayName = "autogram-extension Extension";
				INFOPLIST_KEY_NSHumanReadableCopyright = "";
				LD_RUNPATH_SEARCH_PATHS = (
					"$(inherited)",
					"@executable_path/../Frameworks",
					"@executable_path/../../../../Frameworks",
				);
				MACOSX_DEPLOYMENT_TARGET = 10.14;
				MARKETING_VERSION = 3.1.1;
				OTHER_LDFLAGS = (
					"-framework",
					SafariServices,
				);
				PRODUCT_BUNDLE_IDENTIFIER = "digital.slovensko.autogram.autogram-extension.Extension";
				PRODUCT_NAME = "$(TARGET_NAME)";
				SKIP_INSTALL = YES;
				SWIFT_EMIT_LOC_STRINGS = YES;
				SWIFT_VERSION = 5.0;
			};
			name = Debug;
		};
		E4E688B42C21B04800DB9ED8 /* Release */ = {
			isa = XCBuildConfiguration;
			buildSettings = {
				CODE_SIGN_ENTITLEMENTS = "autogram-extension Extension/autogram_extension_Extension.entitlements";
				"CODE_SIGN_IDENTITY[sdk=macosx*]" = "Apple Development";
				CODE_SIGN_STYLE = Automatic;
				CURRENT_PROJECT_VERSION = 12;
				DEVELOPMENT_TEAM = 44U4JSRX4Z;
				ENABLE_HARDENED_RUNTIME = YES;
				ENABLE_USER_SCRIPT_SANDBOXING = NO;
				GENERATE_INFOPLIST_FILE = YES;
				INFOPLIST_FILE = "autogram-extension Extension/Info.plist";
				INFOPLIST_KEY_CFBundleDisplayName = "autogram-extension Extension";
				INFOPLIST_KEY_NSHumanReadableCopyright = "";
				LD_RUNPATH_SEARCH_PATHS = (
					"$(inherited)",
					"@executable_path/../Frameworks",
					"@executable_path/../../../../Frameworks",
				);
				MACOSX_DEPLOYMENT_TARGET = 10.14;
				MARKETING_VERSION = 3.1.1;
				OTHER_LDFLAGS = (
					"-framework",
					SafariServices,
				);
				PRODUCT_BUNDLE_IDENTIFIER = "digital.slovensko.autogram.autogram-extension.Extension";
				PRODUCT_NAME = "$(TARGET_NAME)";
				SKIP_INSTALL = YES;
				SWIFT_EMIT_LOC_STRINGS = YES;
				SWIFT_VERSION = 5.0;
			};
			name = Release;
		};
		E4E688B72C21B04800DB9ED8 /* Debug */ = {
			isa = XCBuildConfiguration;
			buildSettings = {
				ALWAYS_EMBED_SWIFT_STANDARD_LIBRARIES = YES;
				ASSETCATALOG_COMPILER_APPICON_NAME = AppIcon;
				ASSETCATALOG_COMPILER_GLOBAL_ACCENT_COLOR_NAME = AccentColor;
				CODE_SIGN_ENTITLEMENTS = "autogram-extension/autogram-extension.entitlements";
				"CODE_SIGN_IDENTITY[sdk=macosx*]" = "-";
				CODE_SIGN_STYLE = Automatic;
				COMBINE_HIDPI_IMAGES = YES;
				CURRENT_PROJECT_VERSION = 12;
				DEVELOPMENT_TEAM = "";
				ENABLE_HARDENED_RUNTIME = YES;
				GENERATE_INFOPLIST_FILE = YES;
				INFOPLIST_FILE = "autogram-extension/Info.plist";
				INFOPLIST_KEY_CFBundleDisplayName = "Autorgam na štátnych weboch";
				INFOPLIST_KEY_LSApplicationCategoryType = "public.app-category.utilities";
				INFOPLIST_KEY_NSHumanReadableCopyright = "";
				INFOPLIST_KEY_NSMainStoryboardFile = Main;
				INFOPLIST_KEY_NSPrincipalClass = NSApplication;
				LD_RUNPATH_SEARCH_PATHS = (
					"$(inherited)",
					"@executable_path/../Frameworks",
				);
				MACOSX_DEPLOYMENT_TARGET = 10.14;
				MARKETING_VERSION = 3.1.1;
				OTHER_LDFLAGS = (
					"-framework",
					SafariServices,
					"-framework",
					WebKit,
				);
				PRODUCT_BUNDLE_IDENTIFIER = "digital.slovensko.autogram.autogram-extension";
				PRODUCT_NAME = "$(TARGET_NAME)";
				SWIFT_EMIT_LOC_STRINGS = YES;
				SWIFT_VERSION = 5.0;
			};
			name = Debug;
		};
		E4E688B82C21B04800DB9ED8 /* Release */ = {
			isa = XCBuildConfiguration;
			buildSettings = {
				ALWAYS_EMBED_SWIFT_STANDARD_LIBRARIES = YES;
				ASSETCATALOG_COMPILER_APPICON_NAME = AppIcon;
				ASSETCATALOG_COMPILER_GLOBAL_ACCENT_COLOR_NAME = AccentColor;
				CODE_SIGN_ENTITLEMENTS = "autogram-extension/autogram-extension.entitlements";
				"CODE_SIGN_IDENTITY[sdk=macosx*]" = "Apple Development";
				CODE_SIGN_STYLE = Automatic;
				COMBINE_HIDPI_IMAGES = YES;
				CURRENT_PROJECT_VERSION = 12;
				DEVELOPMENT_TEAM = 44U4JSRX4Z;
				ENABLE_HARDENED_RUNTIME = YES;
				GENERATE_INFOPLIST_FILE = YES;
				INFOPLIST_FILE = "autogram-extension/Info.plist";
				INFOPLIST_KEY_CFBundleDisplayName = "Autorgam na štátnych weboch";
				INFOPLIST_KEY_LSApplicationCategoryType = "public.app-category.utilities";
				INFOPLIST_KEY_NSHumanReadableCopyright = "";
				INFOPLIST_KEY_NSMainStoryboardFile = Main;
				INFOPLIST_KEY_NSPrincipalClass = NSApplication;
				LD_RUNPATH_SEARCH_PATHS = (
					"$(inherited)",
					"@executable_path/../Frameworks",
				);
				MACOSX_DEPLOYMENT_TARGET = 10.14;
				MARKETING_VERSION = 3.1.1;
				OTHER_LDFLAGS = (
					"-framework",
					SafariServices,
					"-framework",
					WebKit,
				);
				PRODUCT_BUNDLE_IDENTIFIER = "digital.slovensko.autogram.autogram-extension";
				PRODUCT_NAME = "$(TARGET_NAME)";
				SWIFT_EMIT_LOC_STRINGS = YES;
				SWIFT_VERSION = 5.0;
			};
			name = Release;
		};
		E4E688DD2C21B04900DB9ED8 /* Debug */ = {
			isa = XCBuildConfiguration;
			buildSettings = {
				CODE_SIGN_ENTITLEMENTS = "autogram-extension Extension/autogram_extension_Extension.entitlements";
				"CODE_SIGN_IDENTITY[sdk=iphoneos*]" = "-";
				CODE_SIGN_STYLE = Automatic;
				CURRENT_PROJECT_VERSION = 15;
				DEVELOPMENT_TEAM = "";
				ENABLE_USER_SCRIPT_SANDBOXING = NO;
				GENERATE_INFOPLIST_FILE = YES;
				INFOPLIST_FILE = "autogram-extension Extension/Info.plist";
				INFOPLIST_KEY_CFBundleDisplayName = "autogram-extension Extension";
				INFOPLIST_KEY_NSHumanReadableCopyright = "";
				IPHONEOS_DEPLOYMENT_TARGET = 15.0;
				LD_RUNPATH_SEARCH_PATHS = (
					"$(inherited)",
					"@executable_path/Frameworks",
					"@executable_path/../../Frameworks",
				);
				MARKETING_VERSION = 3.1.1;
				OTHER_LDFLAGS = (
					"-framework",
					SafariServices,
				);
				PRODUCT_BUNDLE_IDENTIFIER = "digital.slovensko.autogram.autogram-extension.Extension";
				PRODUCT_NAME = "$(TARGET_NAME)";
				SDKROOT = iphoneos;
				SKIP_INSTALL = YES;
				SUPPORTED_PLATFORMS = "iphoneos iphonesimulator";
				SUPPORTS_MACCATALYST = NO;
				SUPPORTS_MAC_DESIGNED_FOR_IPHONE_IPAD = NO;
				SUPPORTS_XR_DESIGNED_FOR_IPHONE_IPAD = NO;
				SWIFT_EMIT_LOC_STRINGS = YES;
				SWIFT_VERSION = 5.0;
				TARGETED_DEVICE_FAMILY = 1;
			};
			name = Debug;
		};
		E4E688DE2C21B04900DB9ED8 /* Release */ = {
			isa = XCBuildConfiguration;
			buildSettings = {
				CODE_SIGN_ENTITLEMENTS = "autogram-extension Extension/autogram_extension_Extension.entitlements";
				"CODE_SIGN_IDENTITY[sdk=iphoneos*]" = "Apple Development";
				CODE_SIGN_STYLE = Automatic;
				CURRENT_PROJECT_VERSION = 15;
				DEVELOPMENT_TEAM = 44U4JSRX4Z;
				ENABLE_USER_SCRIPT_SANDBOXING = NO;
				GENERATE_INFOPLIST_FILE = YES;
				INFOPLIST_FILE = "autogram-extension Extension/Info.plist";
				INFOPLIST_KEY_CFBundleDisplayName = "autogram-extension Extension";
				INFOPLIST_KEY_NSHumanReadableCopyright = "";
				IPHONEOS_DEPLOYMENT_TARGET = 15.0;
				LD_RUNPATH_SEARCH_PATHS = (
					"$(inherited)",
					"@executable_path/Frameworks",
					"@executable_path/../../Frameworks",
				);
				MARKETING_VERSION = 3.1.1;
				OTHER_LDFLAGS = (
					"-framework",
					SafariServices,
				);
				PRODUCT_BUNDLE_IDENTIFIER = "digital.slovensko.autogram.autogram-extension-ios.Extension";
				PRODUCT_NAME = "$(TARGET_NAME)";
				SDKROOT = iphoneos;
				SKIP_INSTALL = YES;
				SUPPORTED_PLATFORMS = "iphoneos iphonesimulator";
				SUPPORTS_MACCATALYST = NO;
				SUPPORTS_MAC_DESIGNED_FOR_IPHONE_IPAD = NO;
				SUPPORTS_XR_DESIGNED_FOR_IPHONE_IPAD = NO;
				SWIFT_EMIT_LOC_STRINGS = YES;
				SWIFT_VERSION = 5.0;
				TARGETED_DEVICE_FAMILY = 1;
			};
			name = Release;
		};
		E4E688E12C21B04900DB9ED8 /* Debug */ = {
			isa = XCBuildConfiguration;
			buildSettings = {
				ALWAYS_EMBED_SWIFT_STANDARD_LIBRARIES = YES;
				ASSETCATALOG_COMPILER_APPICON_NAME = AppIcon;
				ASSETCATALOG_COMPILER_GLOBAL_ACCENT_COLOR_NAME = AccentColor;
				CODE_SIGN_ENTITLEMENTS = "autogram-extension/autogram-extension.entitlements";
				"CODE_SIGN_IDENTITY[sdk=iphoneos*]" = "-";
				CODE_SIGN_STYLE = Automatic;
				CURRENT_PROJECT_VERSION = 15;
				DEVELOPMENT_TEAM = "";
				GENERATE_INFOPLIST_FILE = YES;
				INFOPLIST_FILE = "autogram-extension/Info.plist";
				INFOPLIST_KEY_CFBundleDisplayName = "Autogram na štátnych weboch";
				INFOPLIST_KEY_LSApplicationCategoryType = "public.app-category.utilities";
				INFOPLIST_KEY_NSHumanReadableCopyright = "";
				INFOPLIST_KEY_UILaunchStoryboardName = "Main-iOS";
				INFOPLIST_KEY_UIMainStoryboardFile = "Main-iOS";
				INFOPLIST_KEY_UISupportedInterfaceOrientations = "UIInterfaceOrientationPortrait UIInterfaceOrientationLandscapeLeft UIInterfaceOrientationLandscapeRight";
				INFOPLIST_KEY_UISupportedInterfaceOrientations_iPad = "UIInterfaceOrientationPortrait UIInterfaceOrientationPortraitUpsideDown UIInterfaceOrientationLandscapeLeft UIInterfaceOrientationLandscapeRight";
				IPHONEOS_DEPLOYMENT_TARGET = 15.0;
				LD_RUNPATH_SEARCH_PATHS = (
					"$(inherited)",
					"@executable_path/Frameworks",
				);
				MARKETING_VERSION = 3.1.1;
				OTHER_LDFLAGS = (
					"-framework",
					SafariServices,
					"-framework",
					WebKit,
				);
				PRODUCT_BUNDLE_IDENTIFIER = "digital.slovensko.autogram.autogram-extension";
				PRODUCT_NAME = "$(TARGET_NAME)";
				SDKROOT = iphoneos;
				SUPPORTED_PLATFORMS = "iphoneos iphonesimulator";
				SUPPORTS_MACCATALYST = NO;
				SUPPORTS_MAC_DESIGNED_FOR_IPHONE_IPAD = NO;
				SUPPORTS_XR_DESIGNED_FOR_IPHONE_IPAD = NO;
				SWIFT_EMIT_LOC_STRINGS = YES;
				SWIFT_VERSION = 5.0;
				TARGETED_DEVICE_FAMILY = 1;
			};
			name = Debug;
		};
		E4E688E22C21B04900DB9ED8 /* Release */ = {
			isa = XCBuildConfiguration;
			buildSettings = {
				ALWAYS_EMBED_SWIFT_STANDARD_LIBRARIES = YES;
				ASSETCATALOG_COMPILER_APPICON_NAME = AppIcon;
				ASSETCATALOG_COMPILER_GLOBAL_ACCENT_COLOR_NAME = AccentColor;
				CODE_SIGN_ENTITLEMENTS = "autogram-extension/autogram-extension.entitlements";
				"CODE_SIGN_IDENTITY[sdk=iphoneos*]" = "Apple Development";
				CODE_SIGN_STYLE = Automatic;
				CURRENT_PROJECT_VERSION = 15;
				DEVELOPMENT_TEAM = 44U4JSRX4Z;
				GENERATE_INFOPLIST_FILE = YES;
				INFOPLIST_FILE = "autogram-extension/Info.plist";
				INFOPLIST_KEY_CFBundleDisplayName = "Autogram na štátnych weboch";
				INFOPLIST_KEY_LSApplicationCategoryType = "public.app-category.utilities";
				INFOPLIST_KEY_NSHumanReadableCopyright = "";
				INFOPLIST_KEY_UILaunchStoryboardName = "Main-iOS";
				INFOPLIST_KEY_UIMainStoryboardFile = "Main-iOS";
				INFOPLIST_KEY_UISupportedInterfaceOrientations = "UIInterfaceOrientationPortrait UIInterfaceOrientationLandscapeLeft UIInterfaceOrientationLandscapeRight";
				INFOPLIST_KEY_UISupportedInterfaceOrientations_iPad = "UIInterfaceOrientationPortrait UIInterfaceOrientationPortraitUpsideDown UIInterfaceOrientationLandscapeLeft UIInterfaceOrientationLandscapeRight";
				IPHONEOS_DEPLOYMENT_TARGET = 15.0;
				LD_RUNPATH_SEARCH_PATHS = (
					"$(inherited)",
					"@executable_path/Frameworks",
				);
				MARKETING_VERSION = 3.1.1;
				OTHER_LDFLAGS = (
					"-framework",
					SafariServices,
					"-framework",
					WebKit,
				);
				PRODUCT_BUNDLE_IDENTIFIER = "digital.slovensko.autogram.autogram-extension-ios";
				PRODUCT_NAME = "$(TARGET_NAME)";
				SDKROOT = iphoneos;
				SUPPORTED_PLATFORMS = "iphoneos iphonesimulator";
				SUPPORTS_MACCATALYST = NO;
				SUPPORTS_MAC_DESIGNED_FOR_IPHONE_IPAD = NO;
				SUPPORTS_XR_DESIGNED_FOR_IPHONE_IPAD = NO;
				SWIFT_EMIT_LOC_STRINGS = YES;
				SWIFT_VERSION = 5.0;
				TARGETED_DEVICE_FAMILY = 1;
			};
			name = Release;
		};
/* End XCBuildConfiguration section */

/* Begin XCConfigurationList section */
		E4E688852C21B04700DB9ED8 /* Build configuration list for PBXProject "autogram-extension" */ = {
			isa = XCConfigurationList;
			buildConfigurations = (
				E4E688B02C21B04800DB9ED8 /* Debug */,
				E4E688B12C21B04800DB9ED8 /* Release */,
			);
			defaultConfigurationIsVisible = 0;
			defaultConfigurationName = Release;
		};
		E4E688B22C21B04800DB9ED8 /* Build configuration list for PBXNativeTarget "autogram-extension Extension" */ = {
			isa = XCConfigurationList;
			buildConfigurations = (
				E4E688B32C21B04800DB9ED8 /* Debug */,
				E4E688B42C21B04800DB9ED8 /* Release */,
			);
			defaultConfigurationIsVisible = 0;
			defaultConfigurationName = Release;
		};
		E4E688B62C21B04800DB9ED8 /* Build configuration list for PBXNativeTarget "autogram-extension" */ = {
			isa = XCConfigurationList;
			buildConfigurations = (
				E4E688B72C21B04800DB9ED8 /* Debug */,
				E4E688B82C21B04800DB9ED8 /* Release */,
			);
			defaultConfigurationIsVisible = 0;
			defaultConfigurationName = Release;
		};
		E4E688DC2C21B04900DB9ED8 /* Build configuration list for PBXNativeTarget "autogram-extension iOS Extension" */ = {
			isa = XCConfigurationList;
			buildConfigurations = (
				E4E688DD2C21B04900DB9ED8 /* Debug */,
				E4E688DE2C21B04900DB9ED8 /* Release */,
			);
			defaultConfigurationIsVisible = 0;
			defaultConfigurationName = Release;
		};
		E4E688E02C21B04900DB9ED8 /* Build configuration list for PBXNativeTarget "autogram-extension iOS" */ = {
			isa = XCConfigurationList;
			buildConfigurations = (
				E4E688E12C21B04900DB9ED8 /* Debug */,
				E4E688E22C21B04900DB9ED8 /* Release */,
			);
			defaultConfigurationIsVisible = 0;
			defaultConfigurationName = Release;
		};
/* End XCConfigurationList section */
	};
	rootObject = E4E688822C21B04700DB9ED8 /* Project object */;
}
