// !$*UTF8*$!
{
	archiveVersion = 1;
	classes = {
	};
	objectVersion = 56;
	objects = {

/* Begin PBXBuildFile section */
		FE5F3DE32B2308B600CDB486 /* AppDelegate.swift in Sources */ = {isa = PBXBuildFile; fileRef = FE5F3DE22B2308B600CDB486 /* AppDelegate.swift */; };
		FE5F3DE72B2308B600CDB486 /* Main.html in Resources */ = {isa = PBXBuildFile; fileRef = FE5F3DE52B2308B600CDB486 /* Main.html */; };
		FE5F3DE92B2308B600CDB486 /* Icon.png in Resources */ = {isa = PBXBuildFile; fileRef = FE5F3DE82B2308B600CDB486 /* Icon.png */; };
		FE5F3DEB2B2308B600CDB486 /* Style.css in Resources */ = {isa = PBXBuildFile; fileRef = FE5F3DEA2B2308B600CDB486 /* Style.css */; };
		FE5F3DED2B2308B600CDB486 /* Script.js in Resources */ = {isa = PBXBuildFile; fileRef = FE5F3DEC2B2308B600CDB486 /* Script.js */; };
		FE5F3DEF2B2308B600CDB486 /* ViewController.swift in Sources */ = {isa = PBXBuildFile; fileRef = FE5F3DEE2B2308B600CDB486 /* ViewController.swift */; };
		FE5F3DF22B2308B600CDB486 /* Main.storyboard in Resources */ = {isa = PBXBuildFile; fileRef = FE5F3DF02B2308B600CDB486 /* Main.storyboard */; };
		FE5F3DF42B2308B700CDB486 /* Assets.xcassets in Resources */ = {isa = PBXBuildFile; fileRef = FE5F3DF32B2308B700CDB486 /* Assets.xcassets */; };
		FE5F3DFD2B2308B700CDB486 /* autogram-extension Extension.appex in Embed Foundation Extensions */ = {isa = PBXBuildFile; fileRef = FE5F3DFC2B2308B700CDB486 /* autogram-extension Extension.appex */; settings = {ATTRIBUTES = (RemoveHeadersOnCopy, ); }; };
		FE5F3E022B2308B700CDB486 /* SafariWebExtensionHandler.swift in Sources */ = {isa = PBXBuildFile; fileRef = FE5F3E012B2308B700CDB486 /* SafariWebExtensionHandler.swift */; };
		FE5F3E1F2B2308B800CDB486 /* inject.bundle.js in Resources */ = {isa = PBXBuildFile; fileRef = FE5F3E0F2B2308B800CDB486 /* inject.bundle.js */; };
		FE5F3E202B2308B800CDB486 /* background.bundle.js in Resources */ = {isa = PBXBuildFile; fileRef = FE5F3E122B2308B800CDB486 /* background.bundle.js */; };
		FE5F3E212B2308B800CDB486 /* redirect.bundle.js in Resources */ = {isa = PBXBuildFile; fileRef = FE5F3E152B2308B800CDB486 /* redirect.bundle.js */; };
		FE5F3E222B2308B800CDB486 /* static in Resources */ = {isa = PBXBuildFile; fileRef = FE5F3E162B2308B800CDB486 /* static */; };
		FE5F3E232B2308B800CDB486 /* options.bundle.js in Resources */ = {isa = PBXBuildFile; fileRef = FE5F3E172B2308B800CDB486 /* options.bundle.js */; };
		FE5F3E242B2308B800CDB486 /* manifest.json in Resources */ = {isa = PBXBuildFile; fileRef = FE5F3E182B2308B800CDB486 /* manifest.json */; };
		FE5F3E252B2308B800CDB486 /* _locales in Resources */ = {isa = PBXBuildFile; fileRef = FE5F3E1A2B2308B800CDB486 /* _locales */; };
		FE5F3E262B2308B800CDB486 /* content.bundle.js in Resources */ = {isa = PBXBuildFile; fileRef = FE5F3E1B2B2308B800CDB486 /* content.bundle.js */; };
		FE5F3E272B2308B800CDB486 /* inject.bundle.js.LICENSE.txt in Resources */ = {isa = PBXBuildFile; fileRef = FE5F3E1C2B2308B800CDB486 /* inject.bundle.js.LICENSE.txt */; };
		FE5F3E282B2308B800CDB486 /* popup.bundle.js in Resources */ = {isa = PBXBuildFile; fileRef = FE5F3E1E2B2308B800CDB486 /* popup.bundle.js */; };
/* End PBXBuildFile section */

/* Begin PBXContainerItemProxy section */
		FE5F3DFE2B2308B700CDB486 /* PBXContainerItemProxy */ = {
			isa = PBXContainerItemProxy;
			containerPortal = FE5F3DD72B2308B600CDB486 /* Project object */;
			proxyType = 1;
			remoteGlobalIDString = FE5F3DFB2B2308B700CDB486;
			remoteInfo = "autogram-extension Extension";
		};
/* End PBXContainerItemProxy section */

/* Begin PBXCopyFilesBuildPhase section */
		FE5F3E0A2B2308B700CDB486 /* Embed Foundation Extensions */ = {
			isa = PBXCopyFilesBuildPhase;
			buildActionMask = 2147483647;
			dstPath = "";
			dstSubfolderSpec = 13;
			files = (
				FE5F3DFD2B2308B700CDB486 /* autogram-extension Extension.appex in Embed Foundation Extensions */,
			);
			name = "Embed Foundation Extensions";
			runOnlyForDeploymentPostprocessing = 0;
		};
/* End PBXCopyFilesBuildPhase section */

/* Begin PBXFileReference section */
		FE5F3DDF2B2308B600CDB486 /* autogram-extension.app */ = {isa = PBXFileReference; explicitFileType = wrapper.application; includeInIndex = 0; path = "autogram-extension.app"; sourceTree = BUILT_PRODUCTS_DIR; };
		FE5F3DE22B2308B600CDB486 /* AppDelegate.swift */ = {isa = PBXFileReference; lastKnownFileType = sourcecode.swift; path = AppDelegate.swift; sourceTree = "<group>"; };
		FE5F3DE62B2308B600CDB486 /* Base */ = {isa = PBXFileReference; lastKnownFileType = text.html; name = Base; path = ../Base.lproj/Main.html; sourceTree = "<group>"; };
		FE5F3DE82B2308B600CDB486 /* Icon.png */ = {isa = PBXFileReference; lastKnownFileType = image.png; path = Icon.png; sourceTree = "<group>"; };
		FE5F3DEA2B2308B600CDB486 /* Style.css */ = {isa = PBXFileReference; lastKnownFileType = text.css; path = Style.css; sourceTree = "<group>"; };
		FE5F3DEC2B2308B600CDB486 /* Script.js */ = {isa = PBXFileReference; lastKnownFileType = sourcecode.javascript; path = Script.js; sourceTree = "<group>"; };
		FE5F3DEE2B2308B600CDB486 /* ViewController.swift */ = {isa = PBXFileReference; lastKnownFileType = sourcecode.swift; path = ViewController.swift; sourceTree = "<group>"; };
		FE5F3DF12B2308B600CDB486 /* Base */ = {isa = PBXFileReference; lastKnownFileType = file.storyboard; name = Base; path = Base.lproj/Main.storyboard; sourceTree = "<group>"; };
		FE5F3DF32B2308B700CDB486 /* Assets.xcassets */ = {isa = PBXFileReference; lastKnownFileType = folder.assetcatalog; path = Assets.xcassets; sourceTree = "<group>"; };
		FE5F3DF52B2308B700CDB486 /* Info.plist */ = {isa = PBXFileReference; lastKnownFileType = text.plist.xml; path = Info.plist; sourceTree = "<group>"; };
		FE5F3DF62B2308B700CDB486 /* autogram_extension.entitlements */ = {isa = PBXFileReference; lastKnownFileType = text.plist.entitlements; path = autogram_extension.entitlements; sourceTree = "<group>"; };
		FE5F3DF72B2308B700CDB486 /* autogram-extension.entitlements */ = {isa = PBXFileReference; lastKnownFileType = text.plist.entitlements; path = "autogram-extension.entitlements"; sourceTree = "<group>"; };
		FE5F3DFC2B2308B700CDB486 /* autogram-extension Extension.appex */ = {isa = PBXFileReference; explicitFileType = "wrapper.app-extension"; includeInIndex = 0; path = "autogram-extension Extension.appex"; sourceTree = BUILT_PRODUCTS_DIR; };
		FE5F3E012B2308B700CDB486 /* SafariWebExtensionHandler.swift */ = {isa = PBXFileReference; lastKnownFileType = sourcecode.swift; path = SafariWebExtensionHandler.swift; sourceTree = "<group>"; };
		FE5F3E032B2308B700CDB486 /* Info.plist */ = {isa = PBXFileReference; lastKnownFileType = text.plist.xml; path = Info.plist; sourceTree = "<group>"; };
		FE5F3E042B2308B700CDB486 /* autogram_extension_Extension.entitlements */ = {isa = PBXFileReference; lastKnownFileType = text.plist.entitlements; path = autogram_extension_Extension.entitlements; sourceTree = "<group>"; };
		FE5F3E0F2B2308B800CDB486 /* inject.bundle.js */ = {isa = PBXFileReference; lastKnownFileType = sourcecode.javascript; name = inject.bundle.js; path = ../../../dist/inject.bundle.js; sourceTree = "<group>"; };
		FE5F3E102B2308B800CDB486 /* content.bundle.js.map */ = {isa = PBXFileReference; lastKnownFileType = "sourcecode.module-map"; name = content.bundle.js.map; path = ../../../dist/content.bundle.js.map; sourceTree = "<group>"; };
		FE5F3E112B2308B800CDB486 /* options.bundle.js.map */ = {isa = PBXFileReference; lastKnownFileType = "sourcecode.module-map"; name = options.bundle.js.map; path = ../../../dist/options.bundle.js.map; sourceTree = "<group>"; };
		FE5F3E122B2308B800CDB486 /* background.bundle.js */ = {isa = PBXFileReference; lastKnownFileType = sourcecode.javascript; name = background.bundle.js; path = ../../../dist/background.bundle.js; sourceTree = "<group>"; };
		FE5F3E132B2308B800CDB486 /* popup.bundle.js.map */ = {isa = PBXFileReference; lastKnownFileType = "sourcecode.module-map"; name = popup.bundle.js.map; path = ../../../dist/popup.bundle.js.map; sourceTree = "<group>"; };
		FE5F3E142B2308B800CDB486 /* redirect.bundle.js.map */ = {isa = PBXFileReference; lastKnownFileType = "sourcecode.module-map"; name = redirect.bundle.js.map; path = ../../../dist/redirect.bundle.js.map; sourceTree = "<group>"; };
		FE5F3E152B2308B800CDB486 /* redirect.bundle.js */ = {isa = PBXFileReference; lastKnownFileType = sourcecode.javascript; name = redirect.bundle.js; path = ../../../dist/redirect.bundle.js; sourceTree = "<group>"; };
		FE5F3E162B2308B800CDB486 /* static */ = {isa = PBXFileReference; lastKnownFileType = folder; name = static; path = ../../../dist/static; sourceTree = "<group>"; };
		FE5F3E172B2308B800CDB486 /* options.bundle.js */ = {isa = PBXFileReference; lastKnownFileType = sourcecode.javascript; name = options.bundle.js; path = ../../../dist/options.bundle.js; sourceTree = "<group>"; };
		FE5F3E182B2308B800CDB486 /* manifest.json */ = {isa = PBXFileReference; lastKnownFileType = text.json; name = manifest.json; path = ../../../dist/manifest.json; sourceTree = "<group>"; };
		FE5F3E192B2308B800CDB486 /* inject.bundle.js.map */ = {isa = PBXFileReference; lastKnownFileType = "sourcecode.module-map"; name = inject.bundle.js.map; path = ../../../dist/inject.bundle.js.map; sourceTree = "<group>"; };
		FE5F3E1A2B2308B800CDB486 /* _locales */ = {isa = PBXFileReference; lastKnownFileType = folder; name = _locales; path = ../../../dist/_locales; sourceTree = "<group>"; };
		FE5F3E1B2B2308B800CDB486 /* content.bundle.js */ = {isa = PBXFileReference; lastKnownFileType = sourcecode.javascript; name = content.bundle.js; path = ../../../dist/content.bundle.js; sourceTree = "<group>"; };
		FE5F3E1C2B2308B800CDB486 /* inject.bundle.js.LICENSE.txt */ = {isa = PBXFileReference; lastKnownFileType = text; name = inject.bundle.js.LICENSE.txt; path = ../../../dist/inject.bundle.js.LICENSE.txt; sourceTree = "<group>"; };
		FE5F3E1D2B2308B800CDB486 /* background.bundle.js.map */ = {isa = PBXFileReference; lastKnownFileType = "sourcecode.module-map"; name = background.bundle.js.map; path = ../../../dist/background.bundle.js.map; sourceTree = "<group>"; };
		FE5F3E1E2B2308B800CDB486 /* popup.bundle.js */ = {isa = PBXFileReference; lastKnownFileType = sourcecode.javascript; name = popup.bundle.js; path = ../../../dist/popup.bundle.js; sourceTree = "<group>"; };
/* End PBXFileReference section */

/* Begin PBXFrameworksBuildPhase section */
		FE5F3DDC2B2308B600CDB486 /* Frameworks */ = {
			isa = PBXFrameworksBuildPhase;
			buildActionMask = 2147483647;
			files = (
			);
			runOnlyForDeploymentPostprocessing = 0;
		};
		FE5F3DF92B2308B700CDB486 /* Frameworks */ = {
			isa = PBXFrameworksBuildPhase;
			buildActionMask = 2147483647;
			files = (
			);
			runOnlyForDeploymentPostprocessing = 0;
		};
/* End PBXFrameworksBuildPhase section */

/* Begin PBXGroup section */
		FE5F3DD62B2308B600CDB486 = {
			isa = PBXGroup;
			children = (
				FE5F3DE12B2308B600CDB486 /* autogram-extension */,
				FE5F3E002B2308B700CDB486 /* autogram-extension Extension */,
				FE5F3DE02B2308B600CDB486 /* Products */,
			);
			sourceTree = "<group>";
		};
		FE5F3DE02B2308B600CDB486 /* Products */ = {
			isa = PBXGroup;
			children = (
				FE5F3DDF2B2308B600CDB486 /* autogram-extension.app */,
				FE5F3DFC2B2308B700CDB486 /* autogram-extension Extension.appex */,
			);
			name = Products;
			sourceTree = "<group>";
		};
		FE5F3DE12B2308B600CDB486 /* autogram-extension */ = {
			isa = PBXGroup;
			children = (
				FE5F3DE22B2308B600CDB486 /* AppDelegate.swift */,
				FE5F3DEE2B2308B600CDB486 /* ViewController.swift */,
				FE5F3DF02B2308B600CDB486 /* Main.storyboard */,
				FE5F3DF32B2308B700CDB486 /* Assets.xcassets */,
				FE5F3DF52B2308B700CDB486 /* Info.plist */,
				FE5F3DF62B2308B700CDB486 /* autogram_extension.entitlements */,
				FE5F3DF72B2308B700CDB486 /* autogram-extension.entitlements */,
				FE5F3DE42B2308B600CDB486 /* Resources */,
			);
			path = "autogram-extension";
			sourceTree = "<group>";
		};
		FE5F3DE42B2308B600CDB486 /* Resources */ = {
			isa = PBXGroup;
			children = (
				FE5F3DE52B2308B600CDB486 /* Main.html */,
				FE5F3DE82B2308B600CDB486 /* Icon.png */,
				FE5F3DEA2B2308B600CDB486 /* Style.css */,
				FE5F3DEC2B2308B600CDB486 /* Script.js */,
			);
			path = Resources;
			sourceTree = "<group>";
		};
		FE5F3E002B2308B700CDB486 /* autogram-extension Extension */ = {
			isa = PBXGroup;
			children = (
				FE5F3E0E2B2308B800CDB486 /* Resources */,
				FE5F3E012B2308B700CDB486 /* SafariWebExtensionHandler.swift */,
				FE5F3E032B2308B700CDB486 /* Info.plist */,
				FE5F3E042B2308B700CDB486 /* autogram_extension_Extension.entitlements */,
			);
			path = "autogram-extension Extension";
			sourceTree = "<group>";
		};
		FE5F3E0E2B2308B800CDB486 /* Resources */ = {
			isa = PBXGroup;
			children = (
				FE5F3E0F2B2308B800CDB486 /* inject.bundle.js */,
				FE5F3E102B2308B800CDB486 /* content.bundle.js.map */,
				FE5F3E112B2308B800CDB486 /* options.bundle.js.map */,
				FE5F3E122B2308B800CDB486 /* background.bundle.js */,
				FE5F3E132B2308B800CDB486 /* popup.bundle.js.map */,
				FE5F3E142B2308B800CDB486 /* redirect.bundle.js.map */,
				FE5F3E152B2308B800CDB486 /* redirect.bundle.js */,
				FE5F3E162B2308B800CDB486 /* static */,
				FE5F3E172B2308B800CDB486 /* options.bundle.js */,
				FE5F3E182B2308B800CDB486 /* manifest.json */,
				FE5F3E192B2308B800CDB486 /* inject.bundle.js.map */,
				FE5F3E1A2B2308B800CDB486 /* _locales */,
				FE5F3E1B2B2308B800CDB486 /* content.bundle.js */,
				FE5F3E1C2B2308B800CDB486 /* inject.bundle.js.LICENSE.txt */,
				FE5F3E1D2B2308B800CDB486 /* background.bundle.js.map */,
				FE5F3E1E2B2308B800CDB486 /* popup.bundle.js */,
			);
			name = Resources;
			path = "autogram-extension Extension";
			sourceTree = SOURCE_ROOT;
		};
/* End PBXGroup section */

/* Begin PBXNativeTarget section */
		FE5F3DDE2B2308B600CDB486 /* autogram-extension */ = {
			isa = PBXNativeTarget;
			buildConfigurationList = FE5F3E0B2B2308B700CDB486 /* Build configuration list for PBXNativeTarget "autogram-extension" */;
			buildPhases = (
				FE5F3DDB2B2308B600CDB486 /* Sources */,
				FE5F3DDC2B2308B600CDB486 /* Frameworks */,
				FE5F3DDD2B2308B600CDB486 /* Resources */,
				FE5F3E0A2B2308B700CDB486 /* Embed Foundation Extensions */,
			);
			buildRules = (
			);
			dependencies = (
				FE5F3DFF2B2308B700CDB486 /* PBXTargetDependency */,
			);
			name = "autogram-extension";
			productName = "autogram-extension";
			productReference = FE5F3DDF2B2308B600CDB486 /* autogram-extension.app */;
			productType = "com.apple.product-type.application";
		};
		FE5F3DFB2B2308B700CDB486 /* autogram-extension Extension */ = {
			isa = PBXNativeTarget;
			buildConfigurationList = FE5F3E072B2308B700CDB486 /* Build configuration list for PBXNativeTarget "autogram-extension Extension" */;
			buildPhases = (
				FE5F3DF82B2308B700CDB486 /* Sources */,
				FE5F3DF92B2308B700CDB486 /* Frameworks */,
				FE5F3DFA2B2308B700CDB486 /* Resources */,
			);
			buildRules = (
			);
			dependencies = (
			);
			name = "autogram-extension Extension";
			productName = "autogram-extension Extension";
			productReference = FE5F3DFC2B2308B700CDB486 /* autogram-extension Extension.appex */;
			productType = "com.apple.product-type.app-extension";
		};
/* End PBXNativeTarget section */

/* Begin PBXProject section */
		FE5F3DD72B2308B600CDB486 /* Project object */ = {
			isa = PBXProject;
			attributes = {
				BuildIndependentTargetsInParallel = 1;
				LastSwiftUpdateCheck = 1500;
				LastUpgradeCheck = 1500;
				TargetAttributes = {
					FE5F3DDE2B2308B600CDB486 = {
						CreatedOnToolsVersion = 15.0;
					};
					FE5F3DFB2B2308B700CDB486 = {
						CreatedOnToolsVersion = 15.0;
					};
				};
			};
			buildConfigurationList = FE5F3DDA2B2308B600CDB486 /* Build configuration list for PBXProject "autogram-extension" */;
			compatibilityVersion = "Xcode 14.0";
			developmentRegion = en;
			hasScannedForEncodings = 0;
			knownRegions = (
				en,
				Base,
			);
			mainGroup = FE5F3DD62B2308B600CDB486;
			productRefGroup = FE5F3DE02B2308B600CDB486 /* Products */;
			projectDirPath = "";
			projectRoot = "";
			targets = (
				FE5F3DDE2B2308B600CDB486 /* autogram-extension */,
				FE5F3DFB2B2308B700CDB486 /* autogram-extension Extension */,
			);
		};
/* End PBXProject section */

/* Begin PBXResourcesBuildPhase section */
		FE5F3DDD2B2308B600CDB486 /* Resources */ = {
			isa = PBXResourcesBuildPhase;
			buildActionMask = 2147483647;
			files = (
				FE5F3DE92B2308B600CDB486 /* Icon.png in Resources */,
				FE5F3DF22B2308B600CDB486 /* Main.storyboard in Resources */,
				FE5F3DED2B2308B600CDB486 /* Script.js in Resources */,
				FE5F3DE72B2308B600CDB486 /* Main.html in Resources */,
				FE5F3DF42B2308B700CDB486 /* Assets.xcassets in Resources */,
				FE5F3DEB2B2308B600CDB486 /* Style.css in Resources */,
			);
			runOnlyForDeploymentPostprocessing = 0;
		};
		FE5F3DFA2B2308B700CDB486 /* Resources */ = {
			isa = PBXResourcesBuildPhase;
			buildActionMask = 2147483647;
			files = (
				FE5F3E212B2308B800CDB486 /* redirect.bundle.js in Resources */,
				FE5F3E1F2B2308B800CDB486 /* inject.bundle.js in Resources */,
				FE5F3E282B2308B800CDB486 /* popup.bundle.js in Resources */,
				FE5F3E222B2308B800CDB486 /* static in Resources */,
				FE5F3E202B2308B800CDB486 /* background.bundle.js in Resources */,
				FE5F3E242B2308B800CDB486 /* manifest.json in Resources */,
				FE5F3E272B2308B800CDB486 /* inject.bundle.js.LICENSE.txt in Resources */,
				FE5F3E252B2308B800CDB486 /* _locales in Resources */,
				FE5F3E232B2308B800CDB486 /* options.bundle.js in Resources */,
				FE5F3E262B2308B800CDB486 /* content.bundle.js in Resources */,
			);
			runOnlyForDeploymentPostprocessing = 0;
		};
/* End PBXResourcesBuildPhase section */

/* Begin PBXSourcesBuildPhase section */
		FE5F3DDB2B2308B600CDB486 /* Sources */ = {
			isa = PBXSourcesBuildPhase;
			buildActionMask = 2147483647;
			files = (
				FE5F3DEF2B2308B600CDB486 /* ViewController.swift in Sources */,
				FE5F3DE32B2308B600CDB486 /* AppDelegate.swift in Sources */,
			);
			runOnlyForDeploymentPostprocessing = 0;
		};
		FE5F3DF82B2308B700CDB486 /* Sources */ = {
			isa = PBXSourcesBuildPhase;
			buildActionMask = 2147483647;
			files = (
				FE5F3E022B2308B700CDB486 /* SafariWebExtensionHandler.swift in Sources */,
			);
			runOnlyForDeploymentPostprocessing = 0;
		};
/* End PBXSourcesBuildPhase section */

/* Begin PBXTargetDependency section */
		FE5F3DFF2B2308B700CDB486 /* PBXTargetDependency */ = {
			isa = PBXTargetDependency;
			target = FE5F3DFB2B2308B700CDB486 /* autogram-extension Extension */;
			targetProxy = FE5F3DFE2B2308B700CDB486 /* PBXContainerItemProxy */;
		};
/* End PBXTargetDependency section */

/* Begin PBXVariantGroup section */
		FE5F3DE52B2308B600CDB486 /* Main.html */ = {
			isa = PBXVariantGroup;
			children = (
				FE5F3DE62B2308B600CDB486 /* Base */,
			);
			name = Main.html;
			sourceTree = "<group>";
		};
		FE5F3DF02B2308B600CDB486 /* Main.storyboard */ = {
			isa = PBXVariantGroup;
			children = (
				FE5F3DF12B2308B600CDB486 /* Base */,
			);
			name = Main.storyboard;
			sourceTree = "<group>";
		};
/* End PBXVariantGroup section */

/* Begin XCBuildConfiguration section */
		FE5F3E052B2308B700CDB486 /* Debug */ = {
			isa = XCBuildConfiguration;
			buildSettings = {
				ALWAYS_SEARCH_USER_PATHS = NO;
				ASSETCATALOG_COMPILER_GENERATE_SWIFT_ASSET_SYMBOL_EXTENSIONS = YES;
				CLANG_ANALYZER_NONNULL = YES;
				CLANG_ANALYZER_NUMBER_OBJECT_CONVERSION = YES_AGGRESSIVE;
				CLANG_CXX_LANGUAGE_STANDARD = "gnu++20";
				CLANG_ENABLE_MODULES = YES;
				CLANG_ENABLE_OBJC_ARC = YES;
				CLANG_ENABLE_OBJC_WEAK = YES;
				CLANG_WARN_BLOCK_CAPTURE_AUTORELEASING = YES;
				CLANG_WARN_BOOL_CONVERSION = YES;
				CLANG_WARN_COMMA = YES;
				CLANG_WARN_CONSTANT_CONVERSION = YES;
				CLANG_WARN_DEPRECATED_OBJC_IMPLEMENTATIONS = YES;
				CLANG_WARN_DIRECT_OBJC_ISA_USAGE = YES_ERROR;
				CLANG_WARN_DOCUMENTATION_COMMENTS = YES;
				CLANG_WARN_EMPTY_BODY = YES;
				CLANG_WARN_ENUM_CONVERSION = YES;
				CLANG_WARN_INFINITE_RECURSION = YES;
				CLANG_WARN_INT_CONVERSION = YES;
				CLANG_WARN_NON_LITERAL_NULL_CONVERSION = YES;
				CLANG_WARN_OBJC_IMPLICIT_RETAIN_SELF = YES;
				CLANG_WARN_OBJC_LITERAL_CONVERSION = YES;
				CLANG_WARN_OBJC_ROOT_CLASS = YES_ERROR;
				CLANG_WARN_QUOTED_INCLUDE_IN_FRAMEWORK_HEADER = YES;
				CLANG_WARN_RANGE_LOOP_ANALYSIS = YES;
				CLANG_WARN_STRICT_PROTOTYPES = YES;
				CLANG_WARN_SUSPICIOUS_MOVE = YES;
				CLANG_WARN_UNGUARDED_AVAILABILITY = YES_AGGRESSIVE;
				CLANG_WARN_UNREACHABLE_CODE = YES;
				CLANG_WARN__DUPLICATE_METHOD_MATCH = YES;
				COPY_PHASE_STRIP = NO;
				DEBUG_INFORMATION_FORMAT = dwarf;
				ENABLE_STRICT_OBJC_MSGSEND = YES;
				ENABLE_TESTABILITY = YES;
				ENABLE_USER_SCRIPT_SANDBOXING = YES;
				GCC_C_LANGUAGE_STANDARD = gnu17;
				GCC_DYNAMIC_NO_PIC = NO;
				GCC_NO_COMMON_BLOCKS = YES;
				GCC_OPTIMIZATION_LEVEL = 0;
				GCC_PREPROCESSOR_DEFINITIONS = (
					"DEBUG=1",
					"$(inherited)",
				);
				GCC_WARN_64_TO_32_BIT_CONVERSION = YES;
				GCC_WARN_ABOUT_RETURN_TYPE = YES_ERROR;
				GCC_WARN_UNDECLARED_SELECTOR = YES;
				GCC_WARN_UNINITIALIZED_AUTOS = YES_AGGRESSIVE;
				GCC_WARN_UNUSED_FUNCTION = YES;
				GCC_WARN_UNUSED_VARIABLE = YES;
				LOCALIZATION_PREFERS_STRING_CATALOGS = YES;
				MACOSX_DEPLOYMENT_TARGET = 13.6;
				MTL_ENABLE_DEBUG_INFO = INCLUDE_SOURCE;
				MTL_FAST_MATH = YES;
				ONLY_ACTIVE_ARCH = YES;
				SDKROOT = macosx;
				SWIFT_ACTIVE_COMPILATION_CONDITIONS = "DEBUG $(inherited)";
				SWIFT_OPTIMIZATION_LEVEL = "-Onone";
			};
			name = Debug;
		};
		FE5F3E062B2308B700CDB486 /* Release */ = {
			isa = XCBuildConfiguration;
			buildSettings = {
				ALWAYS_SEARCH_USER_PATHS = NO;
				ASSETCATALOG_COMPILER_GENERATE_SWIFT_ASSET_SYMBOL_EXTENSIONS = YES;
				CLANG_ANALYZER_NONNULL = YES;
				CLANG_ANALYZER_NUMBER_OBJECT_CONVERSION = YES_AGGRESSIVE;
				CLANG_CXX_LANGUAGE_STANDARD = "gnu++20";
				CLANG_ENABLE_MODULES = YES;
				CLANG_ENABLE_OBJC_ARC = YES;
				CLANG_ENABLE_OBJC_WEAK = YES;
				CLANG_WARN_BLOCK_CAPTURE_AUTORELEASING = YES;
				CLANG_WARN_BOOL_CONVERSION = YES;
				CLANG_WARN_COMMA = YES;
				CLANG_WARN_CONSTANT_CONVERSION = YES;
				CLANG_WARN_DEPRECATED_OBJC_IMPLEMENTATIONS = YES;
				CLANG_WARN_DIRECT_OBJC_ISA_USAGE = YES_ERROR;
				CLANG_WARN_DOCUMENTATION_COMMENTS = YES;
				CLANG_WARN_EMPTY_BODY = YES;
				CLANG_WARN_ENUM_CONVERSION = YES;
				CLANG_WARN_INFINITE_RECURSION = YES;
				CLANG_WARN_INT_CONVERSION = YES;
				CLANG_WARN_NON_LITERAL_NULL_CONVERSION = YES;
				CLANG_WARN_OBJC_IMPLICIT_RETAIN_SELF = YES;
				CLANG_WARN_OBJC_LITERAL_CONVERSION = YES;
				CLANG_WARN_OBJC_ROOT_CLASS = YES_ERROR;
				CLANG_WARN_QUOTED_INCLUDE_IN_FRAMEWORK_HEADER = YES;
				CLANG_WARN_RANGE_LOOP_ANALYSIS = YES;
				CLANG_WARN_STRICT_PROTOTYPES = YES;
				CLANG_WARN_SUSPICIOUS_MOVE = YES;
				CLANG_WARN_UNGUARDED_AVAILABILITY = YES_AGGRESSIVE;
				CLANG_WARN_UNREACHABLE_CODE = YES;
				CLANG_WARN__DUPLICATE_METHOD_MATCH = YES;
				COPY_PHASE_STRIP = NO;
				DEBUG_INFORMATION_FORMAT = "dwarf-with-dsym";
				ENABLE_NS_ASSERTIONS = NO;
				ENABLE_STRICT_OBJC_MSGSEND = YES;
				ENABLE_USER_SCRIPT_SANDBOXING = YES;
				GCC_C_LANGUAGE_STANDARD = gnu17;
				GCC_NO_COMMON_BLOCKS = YES;
				GCC_WARN_64_TO_32_BIT_CONVERSION = YES;
				GCC_WARN_ABOUT_RETURN_TYPE = YES_ERROR;
				GCC_WARN_UNDECLARED_SELECTOR = YES;
				GCC_WARN_UNINITIALIZED_AUTOS = YES_AGGRESSIVE;
				GCC_WARN_UNUSED_FUNCTION = YES;
				GCC_WARN_UNUSED_VARIABLE = YES;
				LOCALIZATION_PREFERS_STRING_CATALOGS = YES;
				MACOSX_DEPLOYMENT_TARGET = 13.6;
				MTL_ENABLE_DEBUG_INFO = NO;
				MTL_FAST_MATH = YES;
				SDKROOT = macosx;
				SWIFT_COMPILATION_MODE = wholemodule;
			};
			name = Release;
		};
		FE5F3E082B2308B700CDB486 /* Debug */ = {
			isa = XCBuildConfiguration;
			buildSettings = {
				CODE_SIGN_ENTITLEMENTS = "autogram-extension Extension/autogram_extension_Extension.entitlements";
				CODE_SIGN_STYLE = Manual;
				CURRENT_PROJECT_VERSION = 1;
				DEVELOPMENT_TEAM = "";
				ENABLE_HARDENED_RUNTIME = YES;
				GENERATE_INFOPLIST_FILE = YES;
				INFOPLIST_FILE = "autogram-extension Extension/Info.plist";
				INFOPLIST_KEY_CFBundleDisplayName = "autogram-extension Extension";
				INFOPLIST_KEY_NSHumanReadableCopyright = "";
				LD_RUNPATH_SEARCH_PATHS = (
					"$(inherited)",
					"@executable_path/../Frameworks",
					"@executable_path/../../../../Frameworks",
				);
				MACOSX_DEPLOYMENT_TARGET = 10.14;
				MARKETING_VERSION = 1.0;
				OTHER_LDFLAGS = (
					"-framework",
					SafariServices,
				);
				PRODUCT_BUNDLE_IDENTIFIER = "digital.slovensko.autogram.autogram-extension.Extension";
				PRODUCT_NAME = "$(TARGET_NAME)";
				PROVISIONING_PROFILE_SPECIFIER = "";
				SKIP_INSTALL = YES;
				SWIFT_EMIT_LOC_STRINGS = YES;
				SWIFT_VERSION = 5.0;
			};
			name = Debug;
		};
		FE5F3E092B2308B700CDB486 /* Release */ = {
			isa = XCBuildConfiguration;
			buildSettings = {
				CODE_SIGN_ENTITLEMENTS = "autogram-extension Extension/autogram_extension_Extension.entitlements";
				CODE_SIGN_STYLE = Manual;
				CURRENT_PROJECT_VERSION = 1;
				DEVELOPMENT_TEAM = "";
				ENABLE_HARDENED_RUNTIME = YES;
				GENERATE_INFOPLIST_FILE = YES;
				INFOPLIST_FILE = "autogram-extension Extension/Info.plist";
				INFOPLIST_KEY_CFBundleDisplayName = "autogram-extension Extension";
				INFOPLIST_KEY_NSHumanReadableCopyright = "";
				LD_RUNPATH_SEARCH_PATHS = (
					"$(inherited)",
					"@executable_path/../Frameworks",
					"@executable_path/../../../../Frameworks",
				);
				MACOSX_DEPLOYMENT_TARGET = 10.14;
				MARKETING_VERSION = 1.0;
				OTHER_LDFLAGS = (
					"-framework",
					SafariServices,
				);
				PRODUCT_BUNDLE_IDENTIFIER = "digital.slovensko.autogram.autogram-extension.Extension";
				PRODUCT_NAME = "$(TARGET_NAME)";
				PROVISIONING_PROFILE_SPECIFIER = "";
				SKIP_INSTALL = YES;
				SWIFT_EMIT_LOC_STRINGS = YES;
				SWIFT_VERSION = 5.0;
			};
			name = Release;
		};
		FE5F3E0C2B2308B700CDB486 /* Debug */ = {
			isa = XCBuildConfiguration;
			buildSettings = {
				ALWAYS_EMBED_SWIFT_STANDARD_LIBRARIES = YES;
				ASSETCATALOG_COMPILER_APPICON_NAME = AppIcon;
				ASSETCATALOG_COMPILER_GLOBAL_ACCENT_COLOR_NAME = AccentColor;
				CODE_SIGN_ENTITLEMENTS = "autogram-extension/autogram-extension.entitlements";
				CODE_SIGN_IDENTITY = "Apple Development";
				"CODE_SIGN_IDENTITY[sdk=macosx*]" = "-";
				CODE_SIGN_STYLE = Manual;
				COMBINE_HIDPI_IMAGES = YES;
				CURRENT_PROJECT_VERSION = 1;
				DEVELOPMENT_TEAM = "";
				ENABLE_HARDENED_RUNTIME = YES;
				GENERATE_INFOPLIST_FILE = YES;
				INFOPLIST_FILE = "autogram-extension/Info.plist";
				INFOPLIST_KEY_CFBundleDisplayName = "autogram-extension";
				INFOPLIST_KEY_NSHumanReadableCopyright = "";
				INFOPLIST_KEY_NSMainStoryboardFile = Main;
				INFOPLIST_KEY_NSPrincipalClass = NSApplication;
				LD_RUNPATH_SEARCH_PATHS = (
					"$(inherited)",
					"@executable_path/../Frameworks",
				);
				MACOSX_DEPLOYMENT_TARGET = 10.14;
				MARKETING_VERSION = 1.5.8;
				OTHER_LDFLAGS = (
					"-framework",
					SafariServices,
					"-framework",
					WebKit,
				);
				PRODUCT_BUNDLE_IDENTIFIER = "digital.slovensko.autogram.autogram-extension";
				PRODUCT_NAME = "$(TARGET_NAME)";
				PROVISIONING_PROFILE_SPECIFIER = "";
				SWIFT_EMIT_LOC_STRINGS = YES;
				SWIFT_VERSION = 5.0;
			};
			name = Debug;
		};
		FE5F3E0D2B2308B700CDB486 /* Release */ = {
			isa = XCBuildConfiguration;
			buildSettings = {
				ALWAYS_EMBED_SWIFT_STANDARD_LIBRARIES = YES;
				ASSETCATALOG_COMPILER_APPICON_NAME = AppIcon;
				ASSETCATALOG_COMPILER_GLOBAL_ACCENT_COLOR_NAME = AccentColor;
				CODE_SIGN_ENTITLEMENTS = "autogram-extension/autogram-extension.entitlements";
				CODE_SIGN_IDENTITY = "Apple Development";
				"CODE_SIGN_IDENTITY[sdk=macosx*]" = "-";
				CODE_SIGN_STYLE = Manual;
				COMBINE_HIDPI_IMAGES = YES;
				CURRENT_PROJECT_VERSION = 1;
				DEVELOPMENT_TEAM = "";
				ENABLE_HARDENED_RUNTIME = YES;
				GENERATE_INFOPLIST_FILE = YES;
				INFOPLIST_FILE = "autogram-extension/Info.plist";
				INFOPLIST_KEY_CFBundleDisplayName = "autogram-extension";
				INFOPLIST_KEY_NSHumanReadableCopyright = "";
				INFOPLIST_KEY_NSMainStoryboardFile = Main;
				INFOPLIST_KEY_NSPrincipalClass = NSApplication;
				LD_RUNPATH_SEARCH_PATHS = (
					"$(inherited)",
					"@executable_path/../Frameworks",
				);
				MACOSX_DEPLOYMENT_TARGET = 10.14;
				MARKETING_VERSION = 1.5.8;
				OTHER_LDFLAGS = (
					"-framework",
					SafariServices,
					"-framework",
					WebKit,
				);
				PRODUCT_BUNDLE_IDENTIFIER = "digital.slovensko.autogram.autogram-extension";
				PRODUCT_NAME = "$(TARGET_NAME)";
				PROVISIONING_PROFILE_SPECIFIER = "";
				SWIFT_EMIT_LOC_STRINGS = YES;
				SWIFT_VERSION = 5.0;
			};
			name = Release;
		};
/* End XCBuildConfiguration section */

/* Begin XCConfigurationList section */
		FE5F3DDA2B2308B600CDB486 /* Build configuration list for PBXProject "autogram-extension" */ = {
			isa = XCConfigurationList;
			buildConfigurations = (
				FE5F3E052B2308B700CDB486 /* Debug */,
				FE5F3E062B2308B700CDB486 /* Release */,
			);
			defaultConfigurationIsVisible = 0;
			defaultConfigurationName = Release;
		};
		FE5F3E072B2308B700CDB486 /* Build configuration list for PBXNativeTarget "autogram-extension Extension" */ = {
			isa = XCConfigurationList;
			buildConfigurations = (
				FE5F3E082B2308B700CDB486 /* Debug */,
				FE5F3E092B2308B700CDB486 /* Release */,
			);
			defaultConfigurationIsVisible = 0;
			defaultConfigurationName = Release;
		};
		FE5F3E0B2B2308B700CDB486 /* Build configuration list for PBXNativeTarget "autogram-extension" */ = {
			isa = XCConfigurationList;
			buildConfigurations = (
				FE5F3E0C2B2308B700CDB486 /* Debug */,
				FE5F3E0D2B2308B700CDB486 /* Release */,
			);
			defaultConfigurationIsVisible = 0;
			defaultConfigurationName = Release;
		};
/* End XCConfigurationList section */
	};
	rootObject = FE5F3DD72B2308B600CDB486 /* Project object */;
}
